
Microsoft Visual Studio Solution File, Format Version 12.00
# Visual Studio Version 16
VisualStudioVersion = 16.0.30804.86
MinimumVisualStudioVersion = 10.0.40219.1
Project("{9A19103F-16F7-4668-BE54-9A1E7A4F7556}") = "NameSorter", "NameSorter.csproj", "{826D132A-CCA6-46DC-98F8-C77E4C231258}"
EndProject
Project("{FAE04EC0-301F-11D3-BF4B-00C04F79EFBC}") = "NameSorterTest", "..\NameSorterTest\NameSorterTest.csproj", "{BAAF9855-E4FF-44F2-BD44-5BAFE8EFBF88}"
EndProject
Global
	GlobalSection(SolutionConfigurationPlatforms) = preSolution
		Debug|Any CPU = Debug|Any CPU
		Release|Any CPU = Release|Any CPU
	EndGlobalSection
	GlobalSection(ProjectConfigurationPlatforms) = postSolution
		{826D132A-CCA6-46DC-98F8-C77E4C231258}.Debug|Any CPU.ActiveCfg = Debug|Any CPU
		{826D132A-CCA6-46DC-98F8-C77E4C231258}.Debug|Any CPU.Build.0 = Debug|Any CPU
		{826D132A-CCA6-46DC-98F8-C77E4C231258}.Release|Any CPU.ActiveCfg = Release|Any CPU
		{826D132A-CCA6-46DC-98F8-C77E4C231258}.Release|Any CPU.Build.0 = Release|Any CPU
		{BAAF9855-E4FF-44F2-BD44-5BAFE8EFBF88}.Debug|Any CPU.ActiveCfg = Debug|Any CPU
		{BAAF9855-E4FF-44F2-BD44-5BAFE8EFBF88}.Debug|Any CPU.Build.0 = Debug|Any CPU
		{BAAF9855-E4FF-44F2-BD44-5BAFE8EFBF88}.Release|Any CPU.ActiveCfg = Release|Any CPU
		{BAAF9855-E4FF-44F2-BD44-5BAFE8EFBF88}.Release|Any CPU.Build.0 = Release|Any CPU
	EndGlobalSection
	GlobalSection(SolutionProperties) = preSolution
		HideSolutionNode = FALSE
	EndGlobalSection
	GlobalSection(ExtensibilityGlobals) = postSolution
		SolutionGuid = {2B795DE5-30BA-4053-B990-B5D0C7FFE086}
	EndGlobalSection
EndGlobal
